
Microsoft Visual Studio Solution File, Format Version 12.00
# Visual Studio 15
VisualStudioVersion = 15.0.28307.421
MinimumVisualStudioVersion = 10.0.40219.1
Project("{8BC9CEB8-8B4A-11D0-8D11-00A0C91BC942}") = "assignment2", "assignment2\assignment2.vcxproj", "{D2BC84E5-066B-44D1-9940-FFBD066CC858}"
EndProject
Project("{8BC9CEB8-8B4A-11D0-8D11-00A0C91BC942}") = "assignment1", "..\..\assignment1\assignment1\assignment1.vcxproj", "{E208C9BC-E1DD-4FD3-A229-3F93F8AC633F}"
EndProject
Project("{8BC9CEB8-8B4A-11D0-8D11-00A0C91BC942}") = "test", "..\..\assignment1\test\test.vcxproj", "{53077A57-CE99-4EF1-914E-50FACB632622}"
EndProject
Project("{8BC9CEB8-8B4A-11D0-8D11-00A0C91BC942}") = "Lab02_Exercise01", "..\..\lab02_sln\lab02_sln\Lab02_Exercise01\Lab02_Exercise01.vcxproj", "{8711034C-5951-4DD2-AF3B-28B7CD5DEC5C}"
EndProject
Project("{8BC9CEB8-8B4A-11D0-8D11-00A0C91BC942}") = "Lab02_Exercise02", "..\..\lab02_sln\lab02_sln\Lab02_Exercise02\Lab02_Exercise02.vcxproj", "{09EC162D-F732-4FDE-8A34-754CDFAFC1CF}"
EndProject
Project("{8BC9CEB8-8B4A-11D0-8D11-00A0C91BC942}") = "Lab02_Exercise03", "..\..\lab02_sln\lab02_sln\Lab02_Exercise03\Lab02_Exercise03.vcxproj", "{775C85F8-CEAF-4C66-9AC6-1ADE1F056C6C}"
EndProject
Global
	GlobalSection(SolutionConfigurationPlatforms) = preSolution
		Debug|Win32 = Debug|Win32
		Debug|x64 = Debug|x64
		Debug|x86 = Debug|x86
		Release|Win32 = Release|Win32
		Release|x64 = Release|x64
		Release|x86 = Release|x86
	EndGlobalSection
	GlobalSection(ProjectConfigurationPlatforms) = postSolution
		{D2BC84E5-066B-44D1-9940-FFBD066CC858}.Debug|Win32.ActiveCfg = Debug|Win32
		{D2BC84E5-066B-44D1-9940-FFBD066CC858}.Debug|Win32.Build.0 = Debug|Win32
		{D2BC84E5-066B-44D1-9940-FFBD066CC858}.Debug|x64.ActiveCfg = Debug|x64
		{D2BC84E5-066B-44D1-9940-FFBD066CC858}.Debug|x64.Build.0 = Debug|x64
		{D2BC84E5-066B-44D1-9940-FFBD066CC858}.Debug|x86.ActiveCfg = Debug|Win32
		{D2BC84E5-066B-44D1-9940-FFBD066CC858}.Debug|x86.Build.0 = Debug|Win32
		{D2BC84E5-066B-44D1-9940-FFBD066CC858}.Release|Win32.ActiveCfg = Release|Win32
		{D2BC84E5-066B-44D1-9940-FFBD066CC858}.Release|Win32.Build.0 = Release|Win32
		{D2BC84E5-066B-44D1-9940-FFBD066CC858}.Release|x64.ActiveCfg = Release|x64
		{D2BC84E5-066B-44D1-9940-FFBD066CC858}.Release|x64.Build.0 = Release|x64
		{D2BC84E5-066B-44D1-9940-FFBD066CC858}.Release|x86.ActiveCfg = Release|Win32
		{D2BC84E5-066B-44D1-9940-FFBD066CC858}.Release|x86.Build.0 = Release|Win32
		{E208C9BC-E1DD-4FD3-A229-3F93F8AC633F}.Debug|Win32.ActiveCfg = Debug|Win32
		{E208C9BC-E1DD-4FD3-A229-3F93F8AC633F}.Debug|Win32.Build.0 = Debug|Win32
		{E208C9BC-E1DD-4FD3-A229-3F93F8AC633F}.Debug|x64.ActiveCfg = Debug|x64
		{E208C9BC-E1DD-4FD3-A229-3F93F8AC633F}.Debug|x64.Build.0 = Debug|x64
		{E208C9BC-E1DD-4FD3-A229-3F93F8AC633F}.Debug|x86.ActiveCfg = Debug|Win32
		{E208C9BC-E1DD-4FD3-A229-3F93F8AC633F}.Debug|x86.Build.0 = Debug|Win32
		{E208C9BC-E1DD-4FD3-A229-3F93F8AC633F}.Release|Win32.ActiveCfg = Release|Win32
		{E208C9BC-E1DD-4FD3-A229-3F93F8AC633F}.Release|Win32.Build.0 = Release|Win32
		{E208C9BC-E1DD-4FD3-A229-3F93F8AC633F}.Release|x64.ActiveCfg = Release|x64
		{E208C9BC-E1DD-4FD3-A229-3F93F8AC633F}.Release|x64.Build.0 = Release|x64
		{E208C9BC-E1DD-4FD3-A229-3F93F8AC633F}.Release|x86.ActiveCfg = Release|Win32
		{E208C9BC-E1DD-4FD3-A229-3F93F8AC633F}.Release|x86.Build.0 = Release|Win32
		{53077A57-CE99-4EF1-914E-50FACB632622}.Debug|Win32.ActiveCfg = Debug|Win32
		{53077A57-CE99-4EF1-914E-50FACB632622}.Debug|Win32.Build.0 = Debug|Win32
		{53077A57-CE99-4EF1-914E-50FACB632622}.Debug|x64.ActiveCfg = Debug|x64
		{53077A57-CE99-4EF1-914E-50FACB632622}.Debug|x64.Build.0 = Debug|x64
		{53077A57-CE99-4EF1-914E-50FACB632622}.Debug|x86.ActiveCfg = Debug|Win32
		{53077A57-CE99-4EF1-914E-50FACB632622}.Debug|x86.Build.0 = Debug|Win32
		{53077A57-CE99-4EF1-914E-50FACB632622}.Release|Win32.ActiveCfg = Release|Win32
		{53077A57-CE99-4EF1-914E-50FACB632622}.Release|Win32.Build.0 = Release|Win32
		{53077A57-CE99-4EF1-914E-50FACB632622}.Release|x64.ActiveCfg = Release|x64
		{53077A57-CE99-4EF1-914E-50FACB632622}.Release|x64.Build.0 = Release|x64
		{53077A57-CE99-4EF1-914E-50FACB632622}.Release|x86.ActiveCfg = Release|Win32
		{53077A57-CE99-4EF1-914E-50FACB632622}.Release|x86.Build.0 = Release|Win32
		{8711034C-5951-4DD2-AF3B-28B7CD5DEC5C}.Debug|Win32.ActiveCfg = Debug|Win32
		{8711034C-5951-4DD2-AF3B-28B7CD5DEC5C}.Debug|Win32.Build.0 = Debug|Win32
		{8711034C-5951-4DD2-AF3B-28B7CD5DEC5C}.Debug|x64.ActiveCfg = Debug|Win32
		{8711034C-5951-4DD2-AF3B-28B7CD5DEC5C}.Debug|x86.ActiveCfg = Debug|Win32
		{8711034C-5951-4DD2-AF3B-28B7CD5DEC5C}.Debug|x86.Build.0 = Debug|Win32
		{8711034C-5951-4DD2-AF3B-28B7CD5DEC5C}.Release|Win32.ActiveCfg = Release|Win32
		{8711034C-5951-4DD2-AF3B-28B7CD5DEC5C}.Release|Win32.Build.0 = Release|Win32
		{8711034C-5951-4DD2-AF3B-28B7CD5DEC5C}.Release|x64.ActiveCfg = Release|Win32
		{8711034C-5951-4DD2-AF3B-28B7CD5DEC5C}.Release|x86.ActiveCfg = Release|Win32
		{8711034C-5951-4DD2-AF3B-28B7CD5DEC5C}.Release|x86.Build.0 = Release|Win32
		{09EC162D-F732-4FDE-8A34-754CDFAFC1CF}.Debug|Win32.ActiveCfg = Debug|Win32
		{09EC162D-F732-4FDE-8A34-754CDFAFC1CF}.Debug|Win32.Build.0 = Debug|Win32
		{09EC162D-F732-4FDE-8A34-754CDFAFC1CF}.Debug|x64.ActiveCfg = Debug|Win32
		{09EC162D-F732-4FDE-8A34-754CDFAFC1CF}.Debug|x86.ActiveCfg = Debug|Win32
		{09EC162D-F732-4FDE-8A34-754CDFAFC1CF}.Debug|x86.Build.0 = Debug|Win32
		{09EC162D-F732-4FDE-8A34-754CDFAFC1CF}.Release|Win32.ActiveCfg = Release|Win32
		{09EC162D-F732-4FDE-8A34-754CDFAFC1CF}.Release|Win32.Build.0 = Release|Win32
		{09EC162D-F732-4FDE-8A34-754CDFAFC1CF}.Release|x64.ActiveCfg = Release|Win32
		{09EC162D-F732-4FDE-8A34-754CDFAFC1CF}.Release|x86.ActiveCfg = Release|Win32
		{09EC162D-F732-4FDE-8A34-754CDFAFC1CF}.Release|x86.Build.0 = Release|Win32
		{775C85F8-CEAF-4C66-9AC6-1ADE1F056C6C}.Debug|Win32.ActiveCfg = Debug|Win32
		{775C85F8-CEAF-4C66-9AC6-1ADE1F056C6C}.Debug|Win32.Build.0 = Debug|Win32
		{775C85F8-CEAF-4C66-9AC6-1ADE1F056C6C}.Debug|x64.ActiveCfg = Debug|Win32
		{775C85F8-CEAF-4C66-9AC6-1ADE1F056C6C}.Debug|x86.ActiveCfg = Debug|Win32
		{775C85F8-CEAF-4C66-9AC6-1ADE1F056C6C}.Debug|x86.Build.0 = Debug|Win32
		{775C85F8-CEAF-4C66-9AC6-1ADE1F056C6C}.Release|Win32.ActiveCfg = Release|Win32
		{775C85F8-CEAF-4C66-9AC6-1ADE1F056C6C}.Release|Win32.Build.0 = Release|Win32
		{775C85F8-CEAF-4C66-9AC6-1ADE1F056C6C}.Release|x64.ActiveCfg = Release|Win32
		{775C85F8-CEAF-4C66-9AC6-1ADE1F056C6C}.Release|x86.ActiveCfg = Release|Win32
		{775C85F8-CEAF-4C66-9AC6-1ADE1F056C6C}.Release|x86.Build.0 = Release|Win32
	EndGlobalSection
	GlobalSection(SolutionProperties) = preSolution
		HideSolutionNode = FALSE
	EndGlobalSection
	GlobalSection(ExtensibilityGlobals) = postSolution
		SolutionGuid = {195BBDE3-FBD3-4F28-8334-A7B1D52264D0}
	EndGlobalSection
EndGlobal
